
Microsoft Visual Studio Solution File, Format Version 12.00
# Visual Studio Version 17
VisualStudioVersion = 17.8.34330.188
MinimumVisualStudioVersion = 10.0.40219.1
Project("{FAE04EC0-301F-11D3-BF4B-00C04F79EFBC}") = "Setul3", "Setul3\Setul3.csproj", "{89B5BE3B-7A24-4053-AEEE-BE48E32033EE}"
EndProject
Global
	GlobalSection(SolutionConfigurationPlatforms) = preSolution
		Debug|Any CPU = Debug|Any CPU
		Release|Any CPU = Release|Any CPU
	EndGlobalSection
	GlobalSection(ProjectConfigurationPlatforms) = postSolution
		{89B5BE3B-7A24-4053-AEEE-BE48E32033EE}.Debug|Any CPU.ActiveCfg = Debug|Any CPU
		{89B5BE3B-7A24-4053-AEEE-BE48E32033EE}.Debug|Any CPU.Build.0 = Debug|Any CPU
		{89B5BE3B-7A24-4053-AEEE-BE48E32033EE}.Release|Any CPU.ActiveCfg = Release|Any CPU
		{89B5BE3B-7A24-4053-AEEE-BE48E32033EE}.Release|Any CPU.Build.0 = Release|Any CPU
	EndGlobalSection
	GlobalSection(SolutionProperties) = preSolution
		HideSolutionNode = FALSE
	EndGlobalSection
	GlobalSection(ExtensibilityGlobals) = postSolution
		SolutionGuid = {F8583745-02F3-4BB3-B70B-BC9DEB317559}
	EndGlobalSection
EndGlobal
